// !$*UTF8*$!
{
	archiveVersion = 1;
	classes = {
	};
	objectVersion = 77;
	objects = {

/* Begin PBXContainerItemProxy section */
		7F83FDDE2CF82156007EB55B /* PBXContainerItemProxy */ = {
			isa = PBXContainerItemProxy;
			containerPortal = 7F83FDBF2CF8214F007EB55B /* Project object */;
			proxyType = 1;
			remoteGlobalIDString = 7F83FDC62CF8214F007EB55B;
			remoteInfo = CraveCrusher;
		};
		7F83FDE82CF82157007EB55B /* PBXContainerItemProxy */ = {
			isa = PBXContainerItemProxy;
			containerPortal = 7F83FDBF2CF8214F007EB55B /* Project object */;
			proxyType = 1;
			remoteGlobalIDString = 7F83FDC62CF8214F007EB55B;
			remoteInfo = CraveCrusher;
		};
/* End PBXContainerItemProxy section */

/* Begin PBXFileReference section */
		7F83FDC72CF8214F007EB55B /* CraveCrusher.app */ = {isa = PBXFileReference; explicitFileType = wrapper.application; includeInIndex = 0; path = CraveCrusher.app; sourceTree = BUILT_PRODUCTS_DIR; };
		7F83FDDD2CF82156007EB55B /* CraveCrusherTests.xctest */ = {isa = PBXFileReference; explicitFileType = wrapper.cfbundle; includeInIndex = 0; path = CraveCrusherTests.xctest; sourceTree = BUILT_PRODUCTS_DIR; };
		7F83FDE72CF82156007EB55B /* CraveCrusherUITests.xctest */ = {isa = PBXFileReference; explicitFileType = wrapper.cfbundle; includeInIndex = 0; path = CraveCrusherUITests.xctest; sourceTree = BUILT_PRODUCTS_DIR; };
/* End PBXFileReference section */

/* Begin PBXFileSystemSynchronizedBuildFileExceptionSet section */
		7F83FDEF2CF82157007EB55B /* Exceptions for "CraveCrusher" folder in "CraveCrusher" target */ = {
			isa = PBXFileSystemSynchronizedBuildFileExceptionSet;
			membershipExceptions = (
				Info.plist,
			);
			target = 7F83FDC62CF8214F007EB55B /* CraveCrusher */;
		};
/* End PBXFileSystemSynchronizedBuildFileExceptionSet section */

/* Begin PBXFileSystemSynchronizedRootGroup section */
		7F83FDC92CF8214F007EB55B /* CraveCrusher */ = {
			isa = PBXFileSystemSynchronizedRootGroup;
			exceptions = (
				7F83FDEF2CF82157007EB55B /* Exceptions for "CraveCrusher" folder in "CraveCrusher" target */,
			);
			path = CraveCrusher;
			sourceTree = "<group>";
		};
		7F83FDE02CF82156007EB55B /* CraveCrusherTests */ = {
			isa = PBXFileSystemSynchronizedRootGroup;
			path = CraveCrusherTests;
			sourceTree = "<group>";
		};
		7F83FDEA2CF82157007EB55B /* CraveCrusherUITests */ = {
			isa = PBXFileSystemSynchronizedRootGroup;
			path = CraveCrusherUITests;
			sourceTree = "<group>";
		};
/* End PBXFileSystemSynchronizedRootGroup section */

/* Begin PBXFrameworksBuildPhase section */
		7F83FDC42CF8214F007EB55B /* Frameworks */ = {
			isa = PBXFrameworksBuildPhase;
			buildActionMask = 2147483647;
			files = (
			);
			runOnlyForDeploymentPostprocessing = 0;
		};
		7F83FDDA2CF82156007EB55B /* Frameworks */ = {
			isa = PBXFrameworksBuildPhase;
			buildActionMask = 2147483647;
			files = (
			);
			runOnlyForDeploymentPostprocessing = 0;
		};
		7F83FDE42CF82156007EB55B /* Frameworks */ = {
			isa = PBXFrameworksBuildPhase;
			buildActionMask = 2147483647;
			files = (
			);
			runOnlyForDeploymentPostprocessing = 0;
		};
/* End PBXFrameworksBuildPhase section */

/* Begin PBXGroup section */
		7F83FDBE2CF8214F007EB55B = {
			isa = PBXGroup;
			children = (
				7F83FDC92CF8214F007EB55B /* CraveCrusher */,
				7F83FDE02CF82156007EB55B /* CraveCrusherTests */,
				7F83FDEA2CF82157007EB55B /* CraveCrusherUITests */,
				7F83FDC82CF8214F007EB55B /* Products */,
			);
			sourceTree = "<group>";
		};
		7F83FDC82CF8214F007EB55B /* Products */ = {
			isa = PBXGroup;
			children = (
				7F83FDC72CF8214F007EB55B /* CraveCrusher.app */,
				7F83FDDD2CF82156007EB55B /* CraveCrusherTests.xctest */,
				7F83FDE72CF82156007EB55B /* CraveCrusherUITests.xctest */,
			);
			name = Products;
			sourceTree = "<group>";
		};
/* End PBXGroup section */

/* Begin PBXNativeTarget section */
		7F83FDC62CF8214F007EB55B /* CraveCrusher */ = {
			isa = PBXNativeTarget;
			buildConfigurationList = 7F83FDF02CF82157007EB55B /* Build configuration list for PBXNativeTarget "CraveCrusher" */;
			buildPhases = (
				7F83FDC32CF8214F007EB55B /* Sources */,
				7F83FDC42CF8214F007EB55B /* Frameworks */,
				7F83FDC52CF8214F007EB55B /* Resources */,
			);
			buildRules = (
			);
			dependencies = (
			);
			fileSystemSynchronizedGroups = (
				7F83FDC92CF8214F007EB55B /* CraveCrusher */,
			);
			name = CraveCrusher;
			packageProductDependencies = (
			);
			productName = CraveCrusher;
			productReference = 7F83FDC72CF8214F007EB55B /* CraveCrusher.app */;
			productType = "com.apple.product-type.application";
		};
		7F83FDDC2CF82156007EB55B /* CraveCrusherTests */ = {
			isa = PBXNativeTarget;
			buildConfigurationList = 7F83FDF52CF82157007EB55B /* Build configuration list for PBXNativeTarget "CraveCrusherTests" */;
			buildPhases = (
				7F83FDD92CF82156007EB55B /* Sources */,
				7F83FDDA2CF82156007EB55B /* Frameworks */,
				7F83FDDB2CF82156007EB55B /* Resources */,
			);
			buildRules = (
			);
			dependencies = (
				7F83FDDF2CF82156007EB55B /* PBXTargetDependency */,
			);
			fileSystemSynchronizedGroups = (
				7F83FDE02CF82156007EB55B /* CraveCrusherTests */,
			);
			name = CraveCrusherTests;
			packageProductDependencies = (
			);
			productName = CraveCrusherTests;
			productReference = 7F83FDDD2CF82156007EB55B /* CraveCrusherTests.xctest */;
			productType = "com.apple.product-type.bundle.unit-test";
		};
		7F83FDE62CF82156007EB55B /* CraveCrusherUITests */ = {
			isa = PBXNativeTarget;
			buildConfigurationList = 7F83FDF82CF82157007EB55B /* Build configuration list for PBXNativeTarget "CraveCrusherUITests" */;
			buildPhases = (
				7F83FDE32CF82156007EB55B /* Sources */,
				7F83FDE42CF82156007EB55B /* Frameworks */,
				7F83FDE52CF82156007EB55B /* Resources */,
			);
			buildRules = (
			);
			dependencies = (
				7F83FDE92CF82157007EB55B /* PBXTargetDependency */,
			);
			fileSystemSynchronizedGroups = (
				7F83FDEA2CF82157007EB55B /* CraveCrusherUITests */,
			);
			name = CraveCrusherUITests;
			packageProductDependencies = (
			);
			productName = CraveCrusherUITests;
			productReference = 7F83FDE72CF82156007EB55B /* CraveCrusherUITests.xctest */;
			productType = "com.apple.product-type.bundle.ui-testing";
		};
/* End PBXNativeTarget section */

/* Begin PBXProject section */
		7F83FDBF2CF8214F007EB55B /* Project object */ = {
			isa = PBXProject;
			attributes = {
				BuildIndependentTargetsInParallel = 1;
				LastSwiftUpdateCheck = 1610;
				LastUpgradeCheck = 1610;
				TargetAttributes = {
					7F83FDC62CF8214F007EB55B = {
						CreatedOnToolsVersion = 16.1;
					};
					7F83FDDC2CF82156007EB55B = {
						CreatedOnToolsVersion = 16.1;
						TestTargetID = 7F83FDC62CF8214F007EB55B;
					};
					7F83FDE62CF82156007EB55B = {
						CreatedOnToolsVersion = 16.1;
						TestTargetID = 7F83FDC62CF8214F007EB55B;
					};
				};
			};
			buildConfigurationList = 7F83FDC22CF8214F007EB55B /* Build configuration list for PBXProject "CraveCrusher" */;
			developmentRegion = en;
			hasScannedForEncodings = 0;
			knownRegions = (
				en,
				Base,
			);
			mainGroup = 7F83FDBE2CF8214F007EB55B;
			minimizedProjectReferenceProxies = 1;
			preferredProjectObjectVersion = 77;
			productRefGroup = 7F83FDC82CF8214F007EB55B /* Products */;
			projectDirPath = "";
			projectRoot = "";
			targets = (
				7F83FDC62CF8214F007EB55B /* CraveCrusher */,
				7F83FDDC2CF82156007EB55B /* CraveCrusherTests */,
				7F83FDE62CF82156007EB55B /* CraveCrusherUITests */,
			);
		};
/* End PBXProject section */

/* Begin PBXResourcesBuildPhase section */
		7F83FDC52CF8214F007EB55B /* Resources */ = {
			isa = PBXResourcesBuildPhase;
			buildActionMask = 2147483647;
			files = (
			);
			runOnlyForDeploymentPostprocessing = 0;
		};
		7F83FDDB2CF82156007EB55B /* Resources */ = {
			isa = PBXResourcesBuildPhase;
			buildActionMask = 2147483647;
			files = (
			);
			runOnlyForDeploymentPostprocessing = 0;
		};
		7F83FDE52CF82156007EB55B /* Resources */ = {
			isa = PBXResourcesBuildPhase;
			buildActionMask = 2147483647;
			files = (
			);
			runOnlyForDeploymentPostprocessing = 0;
		};
/* End PBXResourcesBuildPhase section */

/* Begin PBXSourcesBuildPhase section */
		7F83FDC32CF8214F007EB55B /* Sources */ = {
			isa = PBXSourcesBuildPhase;
			buildActionMask = 2147483647;
			files = (
			);
			runOnlyForDeploymentPostprocessing = 0;
		};
		7F83FDD92CF82156007EB55B /* Sources */ = {
			isa = PBXSourcesBuildPhase;
			buildActionMask = 2147483647;
			files = (
			);
			runOnlyForDeploymentPostprocessing = 0;
		};
		7F83FDE32CF82156007EB55B /* Sources */ = {
			isa = PBXSourcesBuildPhase;
			buildActionMask = 2147483647;
			files = (
			);
			runOnlyForDeploymentPostprocessing = 0;
		};
/* End PBXSourcesBuildPhase section */

/* Begin PBXTargetDependency section */
		7F83FDDF2CF82156007EB55B /* PBXTargetDependency */ = {
			isa = PBXTargetDependency;
			target = 7F83FDC62CF8214F007EB55B /* CraveCrusher */;
			targetProxy = 7F83FDDE2CF82156007EB55B /* PBXContainerItemProxy */;
		};
		7F83FDE92CF82157007EB55B /* PBXTargetDependency */ = {
			isa = PBXTargetDependency;
			target = 7F83FDC62CF8214F007EB55B /* CraveCrusher */;
			targetProxy = 7F83FDE82CF82157007EB55B /* PBXContainerItemProxy */;
		};
/* End PBXTargetDependency section */

/* Begin XCBuildConfiguration section */
		7F83FDF12CF82157007EB55B /* Debug */ = {
			isa = XCBuildConfiguration;
			buildSettings = {
				ASSETCATALOG_COMPILER_APPICON_NAME = AppIcon;
				ASSETCATALOG_COMPILER_GLOBAL_ACCENT_COLOR_NAME = AccentColor;
				CODE_SIGN_STYLE = Automatic;
				CURRENT_PROJECT_VERSION = 1;
				DEVELOPMENT_TEAM = SKXVFBBJ86;
				GENERATE_INFOPLIST_FILE = YES;
				INFOPLIST_FILE = CraveCrusher/Info.plist;
				INFOPLIST_KEY_UIApplicationSupportsIndirectInputEvents = YES;
				INFOPLIST_KEY_UILaunchStoryboardName = LaunchScreen;
				INFOPLIST_KEY_UIMainStoryboardFile = Main;
				INFOPLIST_KEY_UISupportedInterfaceOrientations_iPad = "UIInterfaceOrientationPortrait UIInterfaceOrientationPortraitUpsideDown UIInterfaceOrientationLandscapeLeft UIInterfaceOrientationLandscapeRight";
				INFOPLIST_KEY_UISupportedInterfaceOrientations_iPhone = "UIInterfaceOrientationPortrait UIInterfaceOrientationLandscapeLeft UIInterfaceOrientationLandscapeRight";
				LD_RUNPATH_SEARCH_PATHS = (
					"$(inherited)",
					"@executable_path/Frameworks",
				);
				MARKETING_VERSION = 1.0;
				PRODUCT_BUNDLE_IDENTIFIER = ultramarine.CraveCrusher;
				PRODUCT_NAME = "$(TARGET_NAME)";
				SWIFT_EMIT_LOC_STRINGS = YES;
				SWIFT_VERSION = 5.0;
				TARGETED_DEVICE_FAMILY = "1,2";
			};
			name = Debug;
		};
		7F83FDF22CF82157007EB55B /* Release */ = {
			isa = XCBuildConfiguration;
			buildSettings = {
				ASSETCATALOG_COMPILER_APPICON_NAME = AppIcon;
				ASSETCATALOG_COMPILER_GLOBAL_ACCENT_COLOR_NAME = AccentColor;
				CODE_SIGN_STYLE = Automatic;
				CURRENT_PROJECT_VERSION = 1;
				DEVELOPMENT_TEAM = SKXVFBBJ86;
				GENERATE_INFOPLIST_FILE = YES;
				INFOPLIST_FILE = CraveCrusher/Info.plist;
				INFOPLIST_KEY_UIApplicationSupportsIndirectInputEvents = YES;
				INFOPLIST_KEY_UILaunchStoryboardName = LaunchScreen;
				INFOPLIST_KEY_UIMainStoryboardFile = Main;
				INFOPLIST_KEY_UISupportedInterfaceOrientations_iPad = "UIInterfaceOrientationPortrait UIInterfaceOrientationPortraitUpsideDown UIInterfaceOrientationLandscapeLeft UIInterfaceOrientationLandscapeRight";
				INFOPLIST_KEY_UISupportedInterfaceOrientations_iPhone = "UIInterfaceOrientationPortrait UIInterfaceOrientationLandscapeLeft UIInterfaceOrientationLandscapeRight";
				LD_RUNPATH_SEARCH_PATHS = (
					"$(inherited)",
					"@executable_path/Frameworks",
				);
				MARKETING_VERSION = 1.0;
				PRODUCT_BUNDLE_IDENTIFIER = ultramarine.CraveCrusher;
				PRODUCT_NAME = "$(TARGET_NAME)";
				SWIFT_EMIT_LOC_STRINGS = YES;
				SWIFT_VERSION = 5.0;
				TARGETED_DEVICE_FAMILY = "1,2";
			};
			name = Release;
		};
		7F83FDF32CF82157007EB55B /* Debug */ = {
			isa = XCBuildConfiguration;
			buildSettings = {
				ALWAYS_SEARCH_USER_PATHS = NO;
				ASSETCATALOG_COMPILER_GENERATE_SWIFT_ASSET_SYMBOL_EXTENSIONS = YES;
				CLANG_ANALYZER_NONNULL = YES;
				CLANG_ANALYZER_NUMBER_OBJECT_CONVERSION = YES_AGGRESSIVE;
				CLANG_CXX_LANGUAGE_STANDARD = "gnu++20";
				CLANG_ENABLE_MODULES = YES;
				CLANG_ENABLE_OBJC_ARC = YES;
				CLANG_ENABLE_OBJC_WEAK = YES;
				CLANG_WARN_BLOCK_CAPTURE_AUTORELEASING = YES;
				CLANG_WARN_BOOL_CONVERSION = YES;
				CLANG_WARN_COMMA = YES;
				CLANG_WARN_CONSTANT_CONVERSION = YES;
				CLANG_WARN_DEPRECATED_OBJC_IMPLEMENTATIONS = YES;
				CLANG_WARN_DIRECT_OBJC_ISA_USAGE = YES_ERROR;
				CLANG_WARN_DOCUMENTATION_COMMENTS = YES;
				CLANG_WARN_EMPTY_BODY = YES;
				CLANG_WARN_ENUM_CONVERSION = YES;
				CLANG_WARN_INFINITE_RECURSION = YES;
				CLANG_WARN_INT_CONVERSION = YES;
				CLANG_WARN_NON_LITERAL_NULL_CONVERSION = YES;
				CLANG_WARN_OBJC_IMPLICIT_RETAIN_SELF = YES;
				CLANG_WARN_OBJC_LITERAL_CONVERSION = YES;
				CLANG_WARN_OBJC_ROOT_CLASS = YES_ERROR;
				CLANG_WARN_QUOTED_INCLUDE_IN_FRAMEWORK_HEADER = YES;
				CLANG_WARN_RANGE_LOOP_ANALYSIS = YES;
				CLANG_WARN_STRICT_PROTOTYPES = YES;
				CLANG_WARN_SUSPICIOUS_MOVE = YES;
				CLANG_WARN_UNGUARDED_AVAILABILITY = YES_AGGRESSIVE;
				CLANG_WARN_UNREACHABLE_CODE = YES;
				CLANG_WARN__DUPLICATE_METHOD_MATCH = YES;
				COPY_PHASE_STRIP = NO;
				DEBUG_INFORMATION_FORMAT = dwarf;
				ENABLE_STRICT_OBJC_MSGSEND = YES;
				ENABLE_TESTABILITY = YES;
				ENABLE_USER_SCRIPT_SANDBOXING = YES;
				GCC_C_LANGUAGE_STANDARD = gnu17;
				GCC_DYNAMIC_NO_PIC = NO;
				GCC_NO_COMMON_BLOCKS = YES;
				GCC_OPTIMIZATION_LEVEL = 0;
				GCC_PREPROCESSOR_DEFINITIONS = (
					"DEBUG=1",
					"$(inherited)",
				);
				GCC_WARN_64_TO_32_BIT_CONVERSION = YES;
				GCC_WARN_ABOUT_RETURN_TYPE = YES_ERROR;
				GCC_WARN_UNDECLARED_SELECTOR = YES;
				GCC_WARN_UNINITIALIZED_AUTOS = YES_AGGRESSIVE;
				GCC_WARN_UNUSED_FUNCTION = YES;
				GCC_WARN_UNUSED_VARIABLE = YES;
				IPHONEOS_DEPLOYMENT_TARGET = 18.1;
				LOCALIZATION_PREFERS_STRING_CATALOGS = YES;
				MTL_ENABLE_DEBUG_INFO = INCLUDE_SOURCE;
				MTL_FAST_MATH = YES;
				ONLY_ACTIVE_ARCH = YES;
				SDKROOT = iphoneos;
				SWIFT_ACTIVE_COMPILATION_CONDITIONS = "DEBUG $(inherited)";
				SWIFT_OPTIMIZATION_LEVEL = "-Onone";
			};
			name = Debug;
		};
		7F83FDF42CF82157007EB55B /* Release */ = {
			isa = XCBuildConfiguration;
			buildSettings = {
				ALWAYS_SEARCH_USER_PATHS = NO;
				ASSETCATALOG_COMPILER_GENERATE_SWIFT_ASSET_SYMBOL_EXTENSIONS = YES;
				CLANG_ANALYZER_NONNULL = YES;
				CLANG_ANALYZER_NUMBER_OBJECT_CONVERSION = YES_AGGRESSIVE;
				CLANG_CXX_LANGUAGE_STANDARD = "gnu++20";
				CLANG_ENABLE_MODULES = YES;
				CLANG_ENABLE_OBJC_ARC = YES;
				CLANG_ENABLE_OBJC_WEAK = YES;
				CLANG_WARN_BLOCK_CAPTURE_AUTORELEASING = YES;
				CLANG_WARN_BOOL_CONVERSION = YES;
				CLANG_WARN_COMMA = YES;
				CLANG_WARN_CONSTANT_CONVERSION = YES;
				CLANG_WARN_DEPRECATED_OBJC_IMPLEMENTATIONS = YES;
				CLANG_WARN_DIRECT_OBJC_ISA_USAGE = YES_ERROR;
				CLANG_WARN_DOCUMENTATION_COMMENTS = YES;
				CLANG_WARN_EMPTY_BODY = YES;
				CLANG_WARN_ENUM_CONVERSION = YES;
				CLANG_WARN_INFINITE_RECURSION = YES;
				CLANG_WARN_INT_CONVERSION = YES;
				CLANG_WARN_NON_LITERAL_NULL_CONVERSION = YES;
				CLANG_WARN_OBJC_IMPLICIT_RETAIN_SELF = YES;
				CLANG_WARN_OBJC_LITERAL_CONVERSION = YES;
				CLANG_WARN_OBJC_ROOT_CLASS = YES_ERROR;
				CLANG_WARN_QUOTED_INCLUDE_IN_FRAMEWORK_HEADER = YES;
				CLANG_WARN_RANGE_LOOP_ANALYSIS = YES;
				CLANG_WARN_STRICT_PROTOTYPES = YES;
				CLANG_WARN_SUSPICIOUS_MOVE = YES;
				CLANG_WARN_UNGUARDED_AVAILABILITY = YES_AGGRESSIVE;
				CLANG_WARN_UNREACHABLE_CODE = YES;
				CLANG_WARN__DUPLICATE_METHOD_MATCH = YES;
				COPY_PHASE_STRIP = NO;
				DEBUG_INFORMATION_FORMAT = "dwarf-with-dsym";
				ENABLE_NS_ASSERTIONS = NO;
				ENABLE_STRICT_OBJC_MSGSEND = YES;
				ENABLE_USER_SCRIPT_SANDBOXING = YES;
				GCC_C_LANGUAGE_STANDARD = gnu17;
				GCC_NO_COMMON_BLOCKS = YES;
				GCC_WARN_64_TO_32_BIT_CONVERSION = YES;
				GCC_WARN_ABOUT_RETURN_TYPE = YES_ERROR;
				GCC_WARN_UNDECLARED_SELECTOR = YES;
				GCC_WARN_UNINITIALIZED_AUTOS = YES_AGGRESSIVE;
				GCC_WARN_UNUSED_FUNCTION = YES;
				GCC_WARN_UNUSED_VARIABLE = YES;
				IPHONEOS_DEPLOYMENT_TARGET = 18.1;
				LOCALIZATION_PREFERS_STRING_CATALOGS = YES;
				MTL_ENABLE_DEBUG_INFO = NO;
				MTL_FAST_MATH = YES;
				SDKROOT = iphoneos;
				SWIFT_COMPILATION_MODE = wholemodule;
				VALIDATE_PRODUCT = YES;
			};
			name = Release;
		};
		7F83FDF62CF82157007EB55B /* Debug */ = {
			isa = XCBuildConfiguration;
			buildSettings = {
				BUNDLE_LOADER = "$(TEST_HOST)";
				CODE_SIGN_STYLE = Automatic;
				CURRENT_PROJECT_VERSION = 1;
				DEVELOPMENT_TEAM = SKXVFBBJ86;
				GENERATE_INFOPLIST_FILE = YES;
				IPHONEOS_DEPLOYMENT_TARGET = 18.1;
				MARKETING_VERSION = 1.0;
				PRODUCT_BUNDLE_IDENTIFIER = ultramarine.CraveCrusherTests;
				PRODUCT_NAME = "$(TARGET_NAME)";
				SWIFT_EMIT_LOC_STRINGS = NO;
				SWIFT_VERSION = 5.0;
				TARGETED_DEVICE_FAMILY = "1,2";
				TEST_HOST = "$(BUILT_PRODUCTS_DIR)/CraveCrusher.app/$(BUNDLE_EXECUTABLE_FOLDER_PATH)/CraveCrusher";
			};
			name = Debug;
		};
		7F83FDF72CF82157007EB55B /* Release */ = {
			isa = XCBuildConfiguration;
			buildSettings = {
				BUNDLE_LOADER = "$(TEST_HOST)";
				CODE_SIGN_STYLE = Automatic;
				CURRENT_PROJECT_VERSION = 1;
				DEVELOPMENT_TEAM = SKXVFBBJ86;
				GENERATE_INFOPLIST_FILE = YES;
				IPHONEOS_DEPLOYMENT_TARGET = 18.1;
				MARKETING_VERSION = 1.0;
				PRODUCT_BUNDLE_IDENTIFIER = ultramarine.CraveCrusherTests;
				PRODUCT_NAME = "$(TARGET_NAME)";
				SWIFT_EMIT_LOC_STRINGS = NO;
				SWIFT_VERSION = 5.0;
				TARGETED_DEVICE_FAMILY = "1,2";
				TEST_HOST = "$(BUILT_PRODUCTS_DIR)/CraveCrusher.app/$(BUNDLE_EXECUTABLE_FOLDER_PATH)/CraveCrusher";
			};
			name = Release;
		};
		7F83FDF92CF82157007EB55B /* Debug */ = {
			isa = XCBuildConfiguration;
			buildSettings = {
				CODE_SIGN_STYLE = Automatic;
				CURRENT_PROJECT_VERSION = 1;
				DEVELOPMENT_TEAM = SKXVFBBJ86;
				GENERATE_INFOPLIST_FILE = YES;
				MARKETING_VERSION = 1.0;
				PRODUCT_BUNDLE_IDENTIFIER = ultramarine.CraveCrusherUITests;
				PRODUCT_NAME = "$(TARGET_NAME)";
				SWIFT_EMIT_LOC_STRINGS = NO;
				SWIFT_VERSION = 5.0;
				TARGETED_DEVICE_FAMILY = "1,2";
				TEST_TARGET_NAME = CraveCrusher;
			};
			name = Debug;
		};
		7F83FDFA2CF82157007EB55B /* Release */ = {
			isa = XCBuildConfiguration;
			buildSettings = {
				CODE_SIGN_STYLE = Automatic;
				CURRENT_PROJECT_VERSION = 1;
				DEVELOPMENT_TEAM = SKXVFBBJ86;
				GENERATE_INFOPLIST_FILE = YES;
				MARKETING_VERSION = 1.0;
				PRODUCT_BUNDLE_IDENTIFIER = ultramarine.CraveCrusherUITests;
				PRODUCT_NAME = "$(TARGET_NAME)";
				SWIFT_EMIT_LOC_STRINGS = NO;
				SWIFT_VERSION = 5.0;
				TARGETED_DEVICE_FAMILY = "1,2";
				TEST_TARGET_NAME = CraveCrusher;
			};
			name = Release;
		};
/* End XCBuildConfiguration section */

/* Begin XCConfigurationList section */
		7F83FDC22CF8214F007EB55B /* Build configuration list for PBXProject "CraveCrusher" */ = {
			isa = XCConfigurationList;
			buildConfigurations = (
				7F83FDF32CF82157007EB55B /* Debug */,
				7F83FDF42CF82157007EB55B /* Release */,
			);
			defaultConfigurationIsVisible = 0;
			defaultConfigurationName = Release;
		};
		7F83FDF02CF82157007EB55B /* Build configuration list for PBXNativeTarget "CraveCrusher" */ = {
			isa = XCConfigurationList;
			buildConfigurations = (
				7F83FDF12CF82157007EB55B /* Debug */,
				7F83FDF22CF82157007EB55B /* Release */,
			);
			defaultConfigurationIsVisible = 0;
			defaultConfigurationName = Release;
		};
		7F83FDF52CF82157007EB55B /* Build configuration list for PBXNativeTarget "CraveCrusherTests" */ = {
			isa = XCConfigurationList;
			buildConfigurations = (
				7F83FDF62CF82157007EB55B /* Debug */,
				7F83FDF72CF82157007EB55B /* Release */,
			);
			defaultConfigurationIsVisible = 0;
			defaultConfigurationName = Release;
		};
		7F83FDF82CF82157007EB55B /* Build configuration list for PBXNativeTarget "CraveCrusherUITests" */ = {
			isa = XCConfigurationList;
			buildConfigurations = (
				7F83FDF92CF82157007EB55B /* Debug */,
				7F83FDFA2CF82157007EB55B /* Release */,
			);
			defaultConfigurationIsVisible = 0;
			defaultConfigurationName = Release;
		};
/* End XCConfigurationList section */
	};
	rootObject = 7F83FDBF2CF8214F007EB55B /* Project object */;
}
