// !$*UTF8*$!
{
	archiveVersion = 1;
	classes = {
	};
	objectVersion = 77;
	objects = {

/* Begin PBXContainerItemProxy section */
		7F7495952D500629000D0EF6 /* PBXContainerItemProxy */ = {
			isa = PBXContainerItemProxy;
			containerPortal = 7F74957C2D500626000D0EF6 /* Project object */;
			proxyType = 1;
			remoteGlobalIDString = 7F7495832D500626000D0EF6;
			remoteInfo = CraveCrusher;
		};
		7F74959F2D500629000D0EF6 /* PBXContainerItemProxy */ = {
			isa = PBXContainerItemProxy;
			containerPortal = 7F74957C2D500626000D0EF6 /* Project object */;
			proxyType = 1;
			remoteGlobalIDString = 7F7495832D500626000D0EF6;
			remoteInfo = CraveCrusher;
		};
/* End PBXContainerItemProxy section */

/* Begin PBXFileReference section */
		7F7495842D500626000D0EF6 /* CraveCrusher.app */ = {isa = PBXFileReference; explicitFileType = wrapper.application; includeInIndex = 0; path = CraveCrusher.app; sourceTree = BUILT_PRODUCTS_DIR; };
		7F7495942D500629000D0EF6 /* CraveCrusherTests.xctest */ = {isa = PBXFileReference; explicitFileType = wrapper.cfbundle; includeInIndex = 0; path = CraveCrusherTests.xctest; sourceTree = BUILT_PRODUCTS_DIR; };
		7F74959E2D500629000D0EF6 /* CraveCrusherUITests.xctest */ = {isa = PBXFileReference; explicitFileType = wrapper.cfbundle; includeInIndex = 0; path = CraveCrusherUITests.xctest; sourceTree = BUILT_PRODUCTS_DIR; };
/* End PBXFileReference section */

/* Begin PBXFileSystemSynchronizedRootGroup section */
		7F7495862D500626000D0EF6 /* CraveCrusher */ = {
			isa = PBXFileSystemSynchronizedRootGroup;
			path = CraveCrusher;
			sourceTree = "<group>";
		};
		7F7495972D500629000D0EF6 /* CraveCrusherTests */ = {
			isa = PBXFileSystemSynchronizedRootGroup;
			path = CraveCrusherTests;
			sourceTree = "<group>";
		};
		7F7495A12D500629000D0EF6 /* CraveCrusherUITests */ = {
			isa = PBXFileSystemSynchronizedRootGroup;
			path = CraveCrusherUITests;
			sourceTree = "<group>";
		};
/* End PBXFileSystemSynchronizedRootGroup section */

/* Begin PBXFrameworksBuildPhase section */
		7F7495812D500626000D0EF6 /* Frameworks */ = {
			isa = PBXFrameworksBuildPhase;
			buildActionMask = 2147483647;
			files = (
			);
			runOnlyForDeploymentPostprocessing = 0;
		};
		7F7495912D500629000D0EF6 /* Frameworks */ = {
			isa = PBXFrameworksBuildPhase;
			buildActionMask = 2147483647;
			files = (
			);
			runOnlyForDeploymentPostprocessing = 0;
		};
		7F74959B2D500629000D0EF6 /* Frameworks */ = {
			isa = PBXFrameworksBuildPhase;
			buildActionMask = 2147483647;
			files = (
			);
			runOnlyForDeploymentPostprocessing = 0;
		};
/* End PBXFrameworksBuildPhase section */

/* Begin PBXGroup section */
		7F74957B2D500626000D0EF6 = {
			isa = PBXGroup;
			children = (
				7F7495862D500626000D0EF6 /* CraveCrusher */,
				7F7495972D500629000D0EF6 /* CraveCrusherTests */,
				7F7495A12D500629000D0EF6 /* CraveCrusherUITests */,
				7F7495852D500626000D0EF6 /* Products */,
			);
			sourceTree = "<group>";
		};
		7F7495852D500626000D0EF6 /* Products */ = {
			isa = PBXGroup;
			children = (
				7F7495842D500626000D0EF6 /* CraveCrusher.app */,
				7F7495942D500629000D0EF6 /* CraveCrusherTests.xctest */,
				7F74959E2D500629000D0EF6 /* CraveCrusherUITests.xctest */,
			);
			name = Products;
			sourceTree = "<group>";
		};
/* End PBXGroup section */

/* Begin PBXNativeTarget section */
		7F7495832D500626000D0EF6 /* CraveCrusher */ = {
			isa = PBXNativeTarget;
			buildConfigurationList = 7F7495A82D50062A000D0EF6 /* Build configuration list for PBXNativeTarget "CraveCrusher" */;
			buildPhases = (
				7F7495802D500626000D0EF6 /* Sources */,
				7F7495812D500626000D0EF6 /* Frameworks */,
				7F7495822D500626000D0EF6 /* Resources */,
			);
			buildRules = (
			);
			dependencies = (
			);
			fileSystemSynchronizedGroups = (
				7F7495862D500626000D0EF6 /* CraveCrusher */,
			);
			name = CraveCrusher;
			packageProductDependencies = (
			);
			productName = CraveCrusher;
			productReference = 7F7495842D500626000D0EF6 /* CraveCrusher.app */;
			productType = "com.apple.product-type.application";
		};
		7F7495932D500629000D0EF6 /* CraveCrusherTests */ = {
			isa = PBXNativeTarget;
			buildConfigurationList = 7F7495AB2D50062A000D0EF6 /* Build configuration list for PBXNativeTarget "CraveCrusherTests" */;
			buildPhases = (
				7F7495902D500629000D0EF6 /* Sources */,
				7F7495912D500629000D0EF6 /* Frameworks */,
				7F7495922D500629000D0EF6 /* Resources */,
			);
			buildRules = (
			);
			dependencies = (
				7F7495962D500629000D0EF6 /* PBXTargetDependency */,
			);
			fileSystemSynchronizedGroups = (
				7F7495972D500629000D0EF6 /* CraveCrusherTests */,
			);
			name = CraveCrusherTests;
			packageProductDependencies = (
			);
			productName = CraveCrusherTests;
			productReference = 7F7495942D500629000D0EF6 /* CraveCrusherTests.xctest */;
			productType = "com.apple.product-type.bundle.unit-test";
		};
		7F74959D2D500629000D0EF6 /* CraveCrusherUITests */ = {
			isa = PBXNativeTarget;
			buildConfigurationList = 7F7495AE2D50062A000D0EF6 /* Build configuration list for PBXNativeTarget "CraveCrusherUITests" */;
			buildPhases = (
				7F74959A2D500629000D0EF6 /* Sources */,
				7F74959B2D500629000D0EF6 /* Frameworks */,
				7F74959C2D500629000D0EF6 /* Resources */,
			);
			buildRules = (
			);
			dependencies = (
				7F7495A02D500629000D0EF6 /* PBXTargetDependency */,
			);
			fileSystemSynchronizedGroups = (
				7F7495A12D500629000D0EF6 /* CraveCrusherUITests */,
			);
			name = CraveCrusherUITests;
			packageProductDependencies = (
			);
			productName = CraveCrusherUITests;
			productReference = 7F74959E2D500629000D0EF6 /* CraveCrusherUITests.xctest */;
			productType = "com.apple.product-type.bundle.ui-testing";
		};
/* End PBXNativeTarget section */

/* Begin PBXProject section */
		7F74957C2D500626000D0EF6 /* Project object */ = {
			isa = PBXProject;
			attributes = {
				BuildIndependentTargetsInParallel = 1;
				LastSwiftUpdateCheck = 1620;
				LastUpgradeCheck = 1620;
				TargetAttributes = {
					7F7495832D500626000D0EF6 = {
						CreatedOnToolsVersion = 16.2;
					};
					7F7495932D500629000D0EF6 = {
						CreatedOnToolsVersion = 16.2;
						TestTargetID = 7F7495832D500626000D0EF6;
					};
					7F74959D2D500629000D0EF6 = {
						CreatedOnToolsVersion = 16.2;
						TestTargetID = 7F7495832D500626000D0EF6;
					};
				};
			};
			buildConfigurationList = 7F74957F2D500626000D0EF6 /* Build configuration list for PBXProject "CraveCrusher" */;
			developmentRegion = en;
			hasScannedForEncodings = 0;
			knownRegions = (
				en,
				Base,
			);
			mainGroup = 7F74957B2D500626000D0EF6;
			minimizedProjectReferenceProxies = 1;
			preferredProjectObjectVersion = 77;
			productRefGroup = 7F7495852D500626000D0EF6 /* Products */;
			projectDirPath = "";
			projectRoot = "";
			targets = (
				7F7495832D500626000D0EF6 /* CraveCrusher */,
				7F7495932D500629000D0EF6 /* CraveCrusherTests */,
				7F74959D2D500629000D0EF6 /* CraveCrusherUITests */,
			);
		};
/* End PBXProject section */

/* Begin PBXResourcesBuildPhase section */
		7F7495822D500626000D0EF6 /* Resources */ = {
			isa = PBXResourcesBuildPhase;
			buildActionMask = 2147483647;
			files = (
			);
			runOnlyForDeploymentPostprocessing = 0;
		};
		7F7495922D500629000D0EF6 /* Resources */ = {
			isa = PBXResourcesBuildPhase;
			buildActionMask = 2147483647;
			files = (
			);
			runOnlyForDeploymentPostprocessing = 0;
		};
		7F74959C2D500629000D0EF6 /* Resources */ = {
			isa = PBXResourcesBuildPhase;
			buildActionMask = 2147483647;
			files = (
			);
			runOnlyForDeploymentPostprocessing = 0;
		};
/* End PBXResourcesBuildPhase section */

/* Begin PBXSourcesBuildPhase section */
		7F7495802D500626000D0EF6 /* Sources */ = {
			isa = PBXSourcesBuildPhase;
			buildActionMask = 2147483647;
			files = (
			);
			runOnlyForDeploymentPostprocessing = 0;
		};
		7F7495902D500629000D0EF6 /* Sources */ = {
			isa = PBXSourcesBuildPhase;
			buildActionMask = 2147483647;
			files = (
			);
			runOnlyForDeploymentPostprocessing = 0;
		};
		7F74959A2D500629000D0EF6 /* Sources */ = {
			isa = PBXSourcesBuildPhase;
			buildActionMask = 2147483647;
			files = (
			);
			runOnlyForDeploymentPostprocessing = 0;
		};
/* End PBXSourcesBuildPhase section */

/* Begin PBXTargetDependency section */
		7F7495962D500629000D0EF6 /* PBXTargetDependency */ = {
			isa = PBXTargetDependency;
			target = 7F7495832D500626000D0EF6 /* CraveCrusher */;
			targetProxy = 7F7495952D500629000D0EF6 /* PBXContainerItemProxy */;
		};
		7F7495A02D500629000D0EF6 /* PBXTargetDependency */ = {
			isa = PBXTargetDependency;
			target = 7F7495832D500626000D0EF6 /* CraveCrusher */;
			targetProxy = 7F74959F2D500629000D0EF6 /* PBXContainerItemProxy */;
		};
/* End PBXTargetDependency section */

/* Begin XCBuildConfiguration section */
		7F7495A62D50062A000D0EF6 /* Debug */ = {
			isa = XCBuildConfiguration;
			buildSettings = {
				ALWAYS_SEARCH_USER_PATHS = NO;
				ASSETCATALOG_COMPILER_GENERATE_SWIFT_ASSET_SYMBOL_EXTENSIONS = YES;
				CLANG_ANALYZER_NONNULL = YES;
				CLANG_ANALYZER_NUMBER_OBJECT_CONVERSION = YES_AGGRESSIVE;
				CLANG_CXX_LANGUAGE_STANDARD = "gnu++20";
				CLANG_ENABLE_MODULES = YES;
				CLANG_ENABLE_OBJC_ARC = YES;
				CLANG_ENABLE_OBJC_WEAK = YES;
				CLANG_WARN_BLOCK_CAPTURE_AUTORELEASING = YES;
				CLANG_WARN_BOOL_CONVERSION = YES;
				CLANG_WARN_COMMA = YES;
				CLANG_WARN_CONSTANT_CONVERSION = YES;
				CLANG_WARN_DEPRECATED_OBJC_IMPLEMENTATIONS = YES;
				CLANG_WARN_DIRECT_OBJC_ISA_USAGE = YES_ERROR;
				CLANG_WARN_DOCUMENTATION_COMMENTS = YES;
				CLANG_WARN_EMPTY_BODY = YES;
				CLANG_WARN_ENUM_CONVERSION = YES;
				CLANG_WARN_INFINITE_RECURSION = YES;
				CLANG_WARN_INT_CONVERSION = YES;
				CLANG_WARN_NON_LITERAL_NULL_CONVERSION = YES;
				CLANG_WARN_OBJC_IMPLICIT_RETAIN_SELF = YES;
				CLANG_WARN_OBJC_LITERAL_CONVERSION = YES;
				CLANG_WARN_OBJC_ROOT_CLASS = YES_ERROR;
				CLANG_WARN_QUOTED_INCLUDE_IN_FRAMEWORK_HEADER = YES;
				CLANG_WARN_RANGE_LOOP_ANALYSIS = YES;
				CLANG_WARN_STRICT_PROTOTYPES = YES;
				CLANG_WARN_SUSPICIOUS_MOVE = YES;
				CLANG_WARN_UNGUARDED_AVAILABILITY = YES_AGGRESSIVE;
				CLANG_WARN_UNREACHABLE_CODE = YES;
				CLANG_WARN__DUPLICATE_METHOD_MATCH = YES;
				COPY_PHASE_STRIP = NO;
				DEBUG_INFORMATION_FORMAT = dwarf;
				ENABLE_STRICT_OBJC_MSGSEND = YES;
				ENABLE_TESTABILITY = YES;
				ENABLE_USER_SCRIPT_SANDBOXING = YES;
				GCC_C_LANGUAGE_STANDARD = gnu17;
				GCC_DYNAMIC_NO_PIC = NO;
				GCC_NO_COMMON_BLOCKS = YES;
				GCC_OPTIMIZATION_LEVEL = 0;
				GCC_PREPROCESSOR_DEFINITIONS = (
					"DEBUG=1",
					"$(inherited)",
				);
				GCC_WARN_64_TO_32_BIT_CONVERSION = YES;
				GCC_WARN_ABOUT_RETURN_TYPE = YES_ERROR;
				GCC_WARN_UNDECLARED_SELECTOR = YES;
				GCC_WARN_UNINITIALIZED_AUTOS = YES_AGGRESSIVE;
				GCC_WARN_UNUSED_FUNCTION = YES;
				GCC_WARN_UNUSED_VARIABLE = YES;
				IPHONEOS_DEPLOYMENT_TARGET = 18.2;
				LOCALIZATION_PREFERS_STRING_CATALOGS = YES;
				MTL_ENABLE_DEBUG_INFO = INCLUDE_SOURCE;
				MTL_FAST_MATH = YES;
				ONLY_ACTIVE_ARCH = YES;
				SDKROOT = iphoneos;
				SWIFT_ACTIVE_COMPILATION_CONDITIONS = "DEBUG $(inherited)";
				SWIFT_OPTIMIZATION_LEVEL = "-Onone";
			};
			name = Debug;
		};
		7F7495A72D50062A000D0EF6 /* Release */ = {
			isa = XCBuildConfiguration;
			buildSettings = {
				ALWAYS_SEARCH_USER_PATHS = NO;
				ASSETCATALOG_COMPILER_GENERATE_SWIFT_ASSET_SYMBOL_EXTENSIONS = YES;
				CLANG_ANALYZER_NONNULL = YES;
				CLANG_ANALYZER_NUMBER_OBJECT_CONVERSION = YES_AGGRESSIVE;
				CLANG_CXX_LANGUAGE_STANDARD = "gnu++20";
				CLANG_ENABLE_MODULES = YES;
				CLANG_ENABLE_OBJC_ARC = YES;
				CLANG_ENABLE_OBJC_WEAK = YES;
				CLANG_WARN_BLOCK_CAPTURE_AUTORELEASING = YES;
				CLANG_WARN_BOOL_CONVERSION = YES;
				CLANG_WARN_COMMA = YES;
				CLANG_WARN_CONSTANT_CONVERSION = YES;
				CLANG_WARN_DEPRECATED_OBJC_IMPLEMENTATIONS = YES;
				CLANG_WARN_DIRECT_OBJC_ISA_USAGE = YES_ERROR;
				CLANG_WARN_DOCUMENTATION_COMMENTS = YES;
				CLANG_WARN_EMPTY_BODY = YES;
				CLANG_WARN_ENUM_CONVERSION = YES;
				CLANG_WARN_INFINITE_RECURSION = YES;
				CLANG_WARN_INT_CONVERSION = YES;
				CLANG_WARN_NON_LITERAL_NULL_CONVERSION = YES;
				CLANG_WARN_OBJC_IMPLICIT_RETAIN_SELF = YES;
				CLANG_WARN_OBJC_LITERAL_CONVERSION = YES;
				CLANG_WARN_OBJC_ROOT_CLASS = YES_ERROR;
				CLANG_WARN_QUOTED_INCLUDE_IN_FRAMEWORK_HEADER = YES;
				CLANG_WARN_RANGE_LOOP_ANALYSIS = YES;
				CLANG_WARN_STRICT_PROTOTYPES = YES;
				CLANG_WARN_SUSPICIOUS_MOVE = YES;
				CLANG_WARN_UNGUARDED_AVAILABILITY = YES_AGGRESSIVE;
				CLANG_WARN_UNREACHABLE_CODE = YES;
				CLANG_WARN__DUPLICATE_METHOD_MATCH = YES;
				COPY_PHASE_STRIP = NO;
				DEBUG_INFORMATION_FORMAT = "dwarf-with-dsym";
				ENABLE_NS_ASSERTIONS = NO;
				ENABLE_STRICT_OBJC_MSGSEND = YES;
				ENABLE_USER_SCRIPT_SANDBOXING = YES;
				GCC_C_LANGUAGE_STANDARD = gnu17;
				GCC_NO_COMMON_BLOCKS = YES;
				GCC_WARN_64_TO_32_BIT_CONVERSION = YES;
				GCC_WARN_ABOUT_RETURN_TYPE = YES_ERROR;
				GCC_WARN_UNDECLARED_SELECTOR = YES;
				GCC_WARN_UNINITIALIZED_AUTOS = YES_AGGRESSIVE;
				GCC_WARN_UNUSED_FUNCTION = YES;
				GCC_WARN_UNUSED_VARIABLE = YES;
				IPHONEOS_DEPLOYMENT_TARGET = 18.2;
				LOCALIZATION_PREFERS_STRING_CATALOGS = YES;
				MTL_ENABLE_DEBUG_INFO = NO;
				MTL_FAST_MATH = YES;
				SDKROOT = iphoneos;
				SWIFT_COMPILATION_MODE = wholemodule;
				VALIDATE_PRODUCT = YES;
			};
			name = Release;
		};
		7F7495A92D50062A000D0EF6 /* Debug */ = {
			isa = XCBuildConfiguration;
			buildSettings = {
				ASSETCATALOG_COMPILER_APPICON_NAME = AppIcon;
				ASSETCATALOG_COMPILER_GLOBAL_ACCENT_COLOR_NAME = AccentColor;
				CODE_SIGN_STYLE = Automatic;
				CURRENT_PROJECT_VERSION = 1;
				DEVELOPMENT_ASSET_PATHS = "\"CraveCrusher/Preview Content\"";
				DEVELOPMENT_TEAM = SKXVFBBJ86;
				ENABLE_PREVIEWS = YES;
				GENERATE_INFOPLIST_FILE = YES;
				INFOPLIST_KEY_UIApplicationSceneManifest_Generation = YES;
				INFOPLIST_KEY_UIApplicationSupportsIndirectInputEvents = YES;
				INFOPLIST_KEY_UILaunchScreen_Generation = YES;
				INFOPLIST_KEY_UISupportedInterfaceOrientations_iPad = "UIInterfaceOrientationPortrait UIInterfaceOrientationPortraitUpsideDown UIInterfaceOrientationLandscapeLeft UIInterfaceOrientationLandscapeRight";
				INFOPLIST_KEY_UISupportedInterfaceOrientations_iPhone = "UIInterfaceOrientationPortrait UIInterfaceOrientationLandscapeLeft UIInterfaceOrientationLandscapeRight";
				LD_RUNPATH_SEARCH_PATHS = (
					"$(inherited)",
					"@executable_path/Frameworks",
				);
				MARKETING_VERSION = 1.0;
				PRODUCT_BUNDLE_IDENTIFIER = ultramarine.CraveCrusher;
				PRODUCT_NAME = "$(TARGET_NAME)";
				SWIFT_EMIT_LOC_STRINGS = YES;
				SWIFT_VERSION = 5.0;
				TARGETED_DEVICE_FAMILY = "1,2";
			};
			name = Debug;
		};
		7F7495AA2D50062A000D0EF6 /* Release */ = {
			isa = XCBuildConfiguration;
			buildSettings = {
				ASSETCATALOG_COMPILER_APPICON_NAME = AppIcon;
				ASSETCATALOG_COMPILER_GLOBAL_ACCENT_COLOR_NAME = AccentColor;
				CODE_SIGN_STYLE = Automatic;
				CURRENT_PROJECT_VERSION = 1;
				DEVELOPMENT_ASSET_PATHS = "\"CraveCrusher/Preview Content\"";
				DEVELOPMENT_TEAM = SKXVFBBJ86;
				ENABLE_PREVIEWS = YES;
				GENERATE_INFOPLIST_FILE = YES;
				INFOPLIST_KEY_UIApplicationSceneManifest_Generation = YES;
				INFOPLIST_KEY_UIApplicationSupportsIndirectInputEvents = YES;
				INFOPLIST_KEY_UILaunchScreen_Generation = YES;
				INFOPLIST_KEY_UISupportedInterfaceOrientations_iPad = "UIInterfaceOrientationPortrait UIInterfaceOrientationPortraitUpsideDown UIInterfaceOrientationLandscapeLeft UIInterfaceOrientationLandscapeRight";
				INFOPLIST_KEY_UISupportedInterfaceOrientations_iPhone = "UIInterfaceOrientationPortrait UIInterfaceOrientationLandscapeLeft UIInterfaceOrientationLandscapeRight";
				LD_RUNPATH_SEARCH_PATHS = (
					"$(inherited)",
					"@executable_path/Frameworks",
				);
				MARKETING_VERSION = 1.0;
				PRODUCT_BUNDLE_IDENTIFIER = ultramarine.CraveCrusher;
				PRODUCT_NAME = "$(TARGET_NAME)";
				SWIFT_EMIT_LOC_STRINGS = YES;
				SWIFT_VERSION = 5.0;
				TARGETED_DEVICE_FAMILY = "1,2";
			};
			name = Release;
		};
		7F7495AC2D50062A000D0EF6 /* Debug */ = {
			isa = XCBuildConfiguration;
			buildSettings = {
				BUNDLE_LOADER = "$(TEST_HOST)";
				CODE_SIGN_STYLE = Automatic;
				CURRENT_PROJECT_VERSION = 1;
				DEVELOPMENT_TEAM = SKXVFBBJ86;
				GENERATE_INFOPLIST_FILE = YES;
				IPHONEOS_DEPLOYMENT_TARGET = 18.2;
				MARKETING_VERSION = 1.0;
				PRODUCT_BUNDLE_IDENTIFIER = ultramarine.CraveCrusherTests;
				PRODUCT_NAME = "$(TARGET_NAME)";
				SWIFT_EMIT_LOC_STRINGS = NO;
				SWIFT_VERSION = 5.0;
				TARGETED_DEVICE_FAMILY = "1,2";
				TEST_HOST = "$(BUILT_PRODUCTS_DIR)/CraveCrusher.app/$(BUNDLE_EXECUTABLE_FOLDER_PATH)/CraveCrusher";
			};
			name = Debug;
		};
		7F7495AD2D50062A000D0EF6 /* Release */ = {
			isa = XCBuildConfiguration;
			buildSettings = {
				BUNDLE_LOADER = "$(TEST_HOST)";
				CODE_SIGN_STYLE = Automatic;
				CURRENT_PROJECT_VERSION = 1;
				DEVELOPMENT_TEAM = SKXVFBBJ86;
				GENERATE_INFOPLIST_FILE = YES;
				IPHONEOS_DEPLOYMENT_TARGET = 18.2;
				MARKETING_VERSION = 1.0;
				PRODUCT_BUNDLE_IDENTIFIER = ultramarine.CraveCrusherTests;
				PRODUCT_NAME = "$(TARGET_NAME)";
				SWIFT_EMIT_LOC_STRINGS = NO;
				SWIFT_VERSION = 5.0;
				TARGETED_DEVICE_FAMILY = "1,2";
				TEST_HOST = "$(BUILT_PRODUCTS_DIR)/CraveCrusher.app/$(BUNDLE_EXECUTABLE_FOLDER_PATH)/CraveCrusher";
			};
			name = Release;
		};
		7F7495AF2D50062A000D0EF6 /* Debug */ = {
			isa = XCBuildConfiguration;
			buildSettings = {
				CODE_SIGN_STYLE = Automatic;
				CURRENT_PROJECT_VERSION = 1;
				DEVELOPMENT_TEAM = SKXVFBBJ86;
				GENERATE_INFOPLIST_FILE = YES;
				MARKETING_VERSION = 1.0;
				PRODUCT_BUNDLE_IDENTIFIER = ultramarine.CraveCrusherUITests;
				PRODUCT_NAME = "$(TARGET_NAME)";
				SWIFT_EMIT_LOC_STRINGS = NO;
				SWIFT_VERSION = 5.0;
				TARGETED_DEVICE_FAMILY = "1,2";
				TEST_TARGET_NAME = CraveCrusher;
			};
			name = Debug;
		};
		7F7495B02D50062A000D0EF6 /* Release */ = {
			isa = XCBuildConfiguration;
			buildSettings = {
				CODE_SIGN_STYLE = Automatic;
				CURRENT_PROJECT_VERSION = 1;
				DEVELOPMENT_TEAM = SKXVFBBJ86;
				GENERATE_INFOPLIST_FILE = YES;
				MARKETING_VERSION = 1.0;
				PRODUCT_BUNDLE_IDENTIFIER = ultramarine.CraveCrusherUITests;
				PRODUCT_NAME = "$(TARGET_NAME)";
				SWIFT_EMIT_LOC_STRINGS = NO;
				SWIFT_VERSION = 5.0;
				TARGETED_DEVICE_FAMILY = "1,2";
				TEST_TARGET_NAME = CraveCrusher;
			};
			name = Release;
		};
/* End XCBuildConfiguration section */

/* Begin XCConfigurationList section */
		7F74957F2D500626000D0EF6 /* Build configuration list for PBXProject "CraveCrusher" */ = {
			isa = XCConfigurationList;
			buildConfigurations = (
				7F7495A62D50062A000D0EF6 /* Debug */,
				7F7495A72D50062A000D0EF6 /* Release */,
			);
			defaultConfigurationIsVisible = 0;
			defaultConfigurationName = Release;
		};
		7F7495A82D50062A000D0EF6 /* Build configuration list for PBXNativeTarget "CraveCrusher" */ = {
			isa = XCConfigurationList;
			buildConfigurations = (
				7F7495A92D50062A000D0EF6 /* Debug */,
				7F7495AA2D50062A000D0EF6 /* Release */,
			);
			defaultConfigurationIsVisible = 0;
			defaultConfigurationName = Release;
		};
		7F7495AB2D50062A000D0EF6 /* Build configuration list for PBXNativeTarget "CraveCrusherTests" */ = {
			isa = XCConfigurationList;
			buildConfigurations = (
				7F7495AC2D50062A000D0EF6 /* Debug */,
				7F7495AD2D50062A000D0EF6 /* Release */,
			);
			defaultConfigurationIsVisible = 0;
			defaultConfigurationName = Release;
		};
		7F7495AE2D50062A000D0EF6 /* Build configuration list for PBXNativeTarget "CraveCrusherUITests" */ = {
			isa = XCConfigurationList;
			buildConfigurations = (
				7F7495AF2D50062A000D0EF6 /* Debug */,
				7F7495B02D50062A000D0EF6 /* Release */,
			);
			defaultConfigurationIsVisible = 0;
			defaultConfigurationName = Release;
		};
/* End XCConfigurationList section */
	};
	rootObject = 7F74957C2D500626000D0EF6 /* Project object */;
}
